// !$*UTF8*$!
{
	archiveVersion = 1;
	classes = {
	};
	objectVersion = 46;
	objects = {

/* Begin PBXBuildFile section */
		71BDA02A1D16F07F00E18E99 /* AppDelegate.swift in Sources */ = {isa = PBXBuildFile; fileRef = 71BDA0291D16F07F00E18E99 /* AppDelegate.swift */; };
		71BDA02C1D16F07F00E18E99 /* ViewController.swift in Sources */ = {isa = PBXBuildFile; fileRef = 71BDA02B1D16F07F00E18E99 /* ViewController.swift */; };
		71BDA02F1D16F07F00E18E99 /* Main.storyboard in Resources */ = {isa = PBXBuildFile; fileRef = 71BDA02D1D16F07F00E18E99 /* Main.storyboard */; };
		71BDA0311D16F07F00E18E99 /* Assets.xcassets in Resources */ = {isa = PBXBuildFile; fileRef = 71BDA0301D16F07F00E18E99 /* Assets.xcassets */; };
		71BDA0341D16F07F00E18E99 /* LaunchScreen.storyboard in Resources */ = {isa = PBXBuildFile; fileRef = 71BDA0321D16F07F00E18E99 /* LaunchScreen.storyboard */; };
/* End PBXBuildFile section */

/* Begin PBXFileReference section */
		71BDA0261D16F07F00E18E99 /* PizzaMia.app */ = {isa = PBXFileReference; explicitFileType = wrapper.application; includeInIndex = 0; path = PizzaMia.app; sourceTree = BUILT_PRODUCTS_DIR; };
		71BDA0291D16F07F00E18E99 /* AppDelegate.swift */ = {isa = PBXFileReference; lastKnownFileType = sourcecode.swift; path = AppDelegate.swift; sourceTree = "<group>"; };
		71BDA02B1D16F07F00E18E99 /* ViewController.swift */ = {isa = PBXFileReference; lastKnownFileType = sourcecode.swift; path = ViewController.swift; sourceTree = "<group>"; };
		71BDA02E1D16F07F00E18E99 /* Base */ = {isa = PBXFileReference; lastKnownFileType = file.storyboard; name = Base; path = Base.lproj/Main.storyboard; sourceTree = "<group>"; };
		71BDA0301D16F07F00E18E99 /* Assets.xcassets */ = {isa = PBXFileReference; lastKnownFileType = folder.assetcatalog; path = Assets.xcassets; sourceTree = "<group>"; };
		71BDA0331D16F07F00E18E99 /* Base */ = {isa = PBXFileReference; lastKnownFileType = file.storyboard; name = Base; path = Base.lproj/LaunchScreen.storyboard; sourceTree = "<group>"; };
		71BDA0351D16F07F00E18E99 /* Info.plist */ = {isa = PBXFileReference; lastKnownFileType = text.plist.xml; path = Info.plist; sourceTree = "<group>"; };
/* End PBXFileReference section */

/* Begin PBXFrameworksBuildPhase section */
		71BDA0231D16F07F00E18E99 /* Frameworks */ = {
			isa = PBXFrameworksBuildPhase;
			buildActionMask = 2147483647;
			files = (
			);
			runOnlyForDeploymentPostprocessing = 0;
		};
/* End PBXFrameworksBuildPhase section */

/* Begin PBXGroup section */
		71BDA01D1D16F07F00E18E99 = {
			isa = PBXGroup;
			children = (
				71BDA0281D16F07F00E18E99 /* PizzaMia */,
				71BDA0271D16F07F00E18E99 /* Products */,
			);
			sourceTree = "<group>";
		};
		71BDA0271D16F07F00E18E99 /* Products */ = {
			isa = PBXGroup;
			children = (
				71BDA0261D16F07F00E18E99 /* PizzaMia.app */,
			);
			name = Products;
			sourceTree = "<group>";
		};
		71BDA0281D16F07F00E18E99 /* PizzaMia */ = {
			isa = PBXGroup;
			children = (
				71BDA0291D16F07F00E18E99 /* AppDelegate.swift */,
				71BDA02B1D16F07F00E18E99 /* ViewController.swift */,
				71BDA02D1D16F07F00E18E99 /* Main.storyboard */,
				71BDA0301D16F07F00E18E99 /* Assets.xcassets */,
				71BDA0321D16F07F00E18E99 /* LaunchScreen.storyboard */,
				71BDA0351D16F07F00E18E99 /* Info.plist */,
			);
			path = PizzaMia;
			sourceTree = "<group>";
		};
/* End PBXGroup section */

/* Begin PBXNativeTarget section */
		71BDA0251D16F07F00E18E99 /* PizzaMia */ = {
			isa = PBXNativeTarget;
			buildConfigurationList = 71BDA0381D16F07F00E18E99 /* Build configuration list for PBXNativeTarget "PizzaMia" */;
			buildPhases = (
				71BDA0221D16F07F00E18E99 /* Sources */,
				71BDA0231D16F07F00E18E99 /* Frameworks */,
				71BDA0241D16F07F00E18E99 /* Resources */,
			);
			buildRules = (
			);
			dependencies = (
			);
			name = PizzaMia;
			productName = PizzaMia;
			productReference = 71BDA0261D16F07F00E18E99 /* PizzaMia.app */;
			productType = "com.apple.product-type.application";
		};
/* End PBXNativeTarget section */

/* Begin PBXProject section */
		71BDA01E1D16F07F00E18E99 /* Project object */ = {
			isa = PBXProject;
			attributes = {
				LastSwiftUpdateCheck = 0730;
				LastUpgradeCheck = 0730;
				ORGANIZATIONNAME = "Otto Lopez";
				TargetAttributes = {
					71BDA0251D16F07F00E18E99 = {
						CreatedOnToolsVersion = 7.3;
					};
				};
			};
			buildConfigurationList = 71BDA0211D16F07F00E18E99 /* Build configuration list for PBXProject "PizzaMia" */;
			compatibilityVersion = "Xcode 3.2";
			developmentRegion = English;
			hasScannedForEncodings = 0;
			knownRegions = (
				en,
				Base,
			);
			mainGroup = 71BDA01D1D16F07F00E18E99;
			productRefGroup = 71BDA0271D16F07F00E18E99 /* Products */;
			projectDirPath = "";
			projectRoot = "";
			targets = (
				71BDA0251D16F07F00E18E99 /* PizzaMia */,
			);
		};
/* End PBXProject section */

/* Begin PBXResourcesBuildPhase section */
		71BDA0241D16F07F00E18E99 /* Resources */ = {
			isa = PBXResourcesBuildPhase;
			buildActionMask = 2147483647;
			files = (
				71BDA0341D16F07F00E18E99 /* LaunchScreen.storyboard in Resources */,
				71BDA0311D16F07F00E18E99 /* Assets.xcassets in Resources */,
				71BDA02F1D16F07F00E18E99 /* Main.storyboard in Resources */,
			);
			runOnlyForDeploymentPostprocessing = 0;
		};
/* End PBXResourcesBuildPhase section */

/* Begin PBXSourcesBuildPhase section */
		71BDA0221D16F07F00E18E99 /* Sources */ = {
			isa = PBXSourcesBuildPhase;
			buildActionMask = 2147483647;
			files = (
				71BDA02C1D16F07F00E18E99 /* ViewController.swift in Sources */,
				71BDA02A1D16F07F00E18E99 /* AppDelegate.swift in Sources */,
			);
			runOnlyForDeploymentPostprocessing = 0;
		};
/* End PBXSourcesBuildPhase section */

/* Begin PBXVariantGroup section */
		71BDA02D1D16F07F00E18E99 /* Main.storyboard */ = {
			isa = PBXVariantGroup;
			children = (
				71BDA02E1D16F07F00E18E99 /* Base */,
			);
			name = Main.storyboard;
			sourceTree = "<group>";
		};
		71BDA0321D16F07F00E18E99 /* LaunchScreen.storyboard */ = {
			isa = PBXVariantGroup;
			children = (
				71BDA0331D16F07F00E18E99 /* Base */,
			);
			name = LaunchScreen.storyboard;
			sourceTree = "<group>";
		};
/* End PBXVariantGroup section */

/* Begin XCBuildConfiguration section */
		71BDA0361D16F07F00E18E99 /* Debug */ = {
			isa = XCBuildConfiguration;
			buildSettings = {
				ALWAYS_SEARCH_USER_PATHS = NO;
				CLANG_ANALYZER_NONNULL = YES;
				CLANG_CXX_LANGUAGE_STANDARD = "gnu++0x";
				CLANG_CXX_LIBRARY = "libc++";
				CLANG_ENABLE_MODULES = YES;
				CLANG_ENABLE_OBJC_ARC = YES;
				CLANG_WARN_BOOL_CONVERSION = YES;
				CLANG_WARN_CONSTANT_CONVERSION = YES;
				CLANG_WARN_DIRECT_OBJC_ISA_USAGE = YES_ERROR;
				CLANG_WARN_EMPTY_BODY = YES;
				CLANG_WARN_ENUM_CONVERSION = YES;
				CLANG_WARN_INT_CONVERSION = YES;
				CLANG_WARN_OBJC_ROOT_CLASS = YES_ERROR;
				CLANG_WARN_UNREACHABLE_CODE = YES;
				CLANG_WARN__DUPLICATE_METHOD_MATCH = YES;
				"CODE_SIGN_IDENTITY[sdk=iphoneos*]" = "iPhone Developer";
				COPY_PHASE_STRIP = NO;
				DEBUG_INFORMATION_FORMAT = dwarf;
				ENABLE_STRICT_OBJC_MSGSEND = YES;
				ENABLE_TESTABILITY = YES;
				GCC_C_LANGUAGE_STANDARD = gnu99;
				GCC_DYNAMIC_NO_PIC = NO;
				GCC_NO_COMMON_BLOCKS = YES;
				GCC_OPTIMIZATION_LEVEL = 0;
				GCC_PREPROCESSOR_DEFINITIONS = (
					"DEBUG=1",
					"$(inherited)",
				);
				GCC_WARN_64_TO_32_BIT_CONVERSION = YES;
				GCC_WARN_ABOUT_RETURN_TYPE = YES_ERROR;
				GCC_WARN_UNDECLARED_SELECTOR = YES;
				GCC_WARN_UNINITIALIZED_AUTOS = YES_AGGRESSIVE;
				GCC_WARN_UNUSED_FUNCTION = YES;
				GCC_WARN_UNUSED_VARIABLE = YES;
				IPHONEOS_DEPLOYMENT_TARGET = 9.3;
				MTL_ENABLE_DEBUG_INFO = YES;
				ONLY_ACTIVE_ARCH = YES;
				SDKROOT = iphoneos;
				SWIFT_OPTIMIZATION_LEVEL = "-Onone";
			};
			name = Debug;
		};
		71BDA0371D16F07F00E18E99 /* Release */ = {
			isa = XCBuildConfiguration;
			buildSettings = {
				ALWAYS_SEARCH_USER_PATHS = NO;
				CLANG_ANALYZER_NONNULL = YES;
				CLANG_CXX_LANGUAGE_STANDARD = "gnu++0x";
				CLANG_CXX_LIBRARY = "libc++";
				CLANG_ENABLE_MODULES = YES;
				CLANG_ENABLE_OBJC_ARC = YES;
				CLANG_WARN_BOOL_CONVERSION = YES;
				CLANG_WARN_CONSTANT_CONVERSION = YES;
				CLANG_WARN_DIRECT_OBJC_ISA_USAGE = YES_ERROR;
				CLANG_WARN_EMPTY_BODY = YES;
				CLANG_WARN_ENUM_CONVERSION = YES;
				CLANG_WARN_INT_CONVERSION = YES;
				CLANG_WARN_OBJC_ROOT_CLASS = YES_ERROR;
				CLANG_WARN_UNREACHABLE_CODE = YES;
				CLANG_WARN__DUPLICATE_METHOD_MATCH = YES;
				"CODE_SIGN_IDENTITY[sdk=iphoneos*]" = "iPhone Developer";
				COPY_PHASE_STRIP = NO;
				DEBUG_INFORMATION_FORMAT = "dwarf-with-dsym";
				ENABLE_NS_ASSERTIONS = NO;
				ENABLE_STRICT_OBJC_MSGSEND = YES;
				GCC_C_LANGUAGE_STANDARD = gnu99;
				GCC_NO_COMMON_BLOCKS = YES;
				GCC_WARN_64_TO_32_BIT_CONVERSION = YES;
				GCC_WARN_ABOUT_RETURN_TYPE = YES_ERROR;
				GCC_WARN_UNDECLARED_SELECTOR = YES;
				GCC_WARN_UNINITIALIZED_AUTOS = YES_AGGRESSIVE;
				GCC_WARN_UNUSED_FUNCTION = YES;
				GCC_WARN_UNUSED_VARIABLE = YES;
				IPHONEOS_DEPLOYMENT_TARGET = 9.3;
				MTL_ENABLE_DEBUG_INFO = NO;
				SDKROOT = iphoneos;
				VALIDATE_PRODUCT = YES;
			};
			name = Release;
		};
		71BDA0391D16F07F00E18E99 /* Debug */ = {
			isa = XCBuildConfiguration;
			buildSettings = {
				ASSETCATALOG_COMPILER_APPICON_NAME = AppIcon;
				INFOPLIST_FILE = PizzaMia/Info.plist;
				LD_RUNPATH_SEARCH_PATHS = "$(inherited) @executable_path/Frameworks";
				PRODUCT_BUNDLE_IDENTIFIER = co.olb.PizzaMia;
				PRODUCT_NAME = "$(TARGET_NAME)";
			};
			name = Debug;
		};
		71BDA03A1D16F07F00E18E99 /* Release */ = {
			isa = XCBuildConfiguration;
			buildSettings = {
				ASSETCATALOG_COMPILER_APPICON_NAME = AppIcon;
				INFOPLIST_FILE = PizzaMia/Info.plist;
				LD_RUNPATH_SEARCH_PATHS = "$(inherited) @executable_path/Frameworks";
				PRODUCT_BUNDLE_IDENTIFIER = co.olb.PizzaMia;
				PRODUCT_NAME = "$(TARGET_NAME)";
			};
			name = Release;
		};
/* End XCBuildConfiguration section */

/* Begin XCConfigurationList section */
		71BDA0211D16F07F00E18E99 /* Build configuration list for PBXProject "PizzaMia" */ = {
			isa = XCConfigurationList;
			buildConfigurations = (
				71BDA0361D16F07F00E18E99 /* Debug */,
				71BDA0371D16F07F00E18E99 /* Release */,
			);
			defaultConfigurationIsVisible = 0;
			defaultConfigurationName = Release;
		};
		71BDA0381D16F07F00E18E99 /* Build configuration list for PBXNativeTarget "PizzaMia" */ = {
			isa = XCConfigurationList;
			buildConfigurations = (
				71BDA0391D16F07F00E18E99 /* Debug */,
				71BDA03A1D16F07F00E18E99 /* Release */,
			);
			defaultConfigurationIsVisible = 0;
		};
/* End XCConfigurationList section */
	};
	rootObject = 71BDA01E1D16F07F00E18E99 /* Project object */;
}
